Microsoft Visual Studio Solution File, Format Version 12.00
# Visual Studio Version 17
VisualStudioVersion = 17.5.2.0
MinimumVisualStudioVersion = 10.0.40219.1
Project("{FAE04EC0-301F-11D3-BF4B-00C04F79EFBC}") = "tool_gen_cc", "tool_gen_cc.csproj", "{0F03A452-7E59-7AAC-B2ED-B888A964D1F0}"
EndProject
Global
	GlobalSection(SolutionConfigurationPlatforms) = preSolution
		Debug|Any CPU = Debug|Any CPU
		Release|Any CPU = Release|Any CPU
	EndGlobalSection
	GlobalSection(ProjectConfigurationPlatforms) = postSolution
		{0F03A452-7E59-7AAC-B2ED-B888A964D1F0}.Debug|Any CPU.ActiveCfg = Debug|Any CPU
		{0F03A452-7E59-7AAC-B2ED-B888A964D1F0}.Debug|Any CPU.Build.0 = Debug|Any CPU
		{0F03A452-7E59-7AAC-B2ED-B888A964D1F0}.Release|Any CPU.ActiveCfg = Release|Any CPU
		{0F03A452-7E59-7AAC-B2ED-B888A964D1F0}.Release|Any CPU.Build.0 = Release|Any CPU
	EndGlobalSection
	GlobalSection(SolutionProperties) = preSolution
		HideSolutionNode = FALSE
	EndGlobalSection
	GlobalSection(ExtensibilityGlobals) = postSolution
		SolutionGuid = {2236D228-8229-4D8F-BB9D-B2B9AA266A26}
	EndGlobalSection
EndGlobal
